
Microsoft Visual Studio Solution File, Format Version 12.00
# Visual Studio 15
VisualStudioVersion = 15.0.27428.2037
MinimumVisualStudioVersion = 10.0.40219.1
Project("{9A19103F-16F7-4668-BE54-9A1E7A4F7556}") = "WA", "WA\WA.csproj", "{1B90A8CC-BFC1-40B6-BEA7-7FBB88C252DF}"
EndProject
Project("{FAE04EC0-301F-11D3-BF4B-00C04F79EFBC}") = "DB", "DB\DB.csproj", "{931554DD-0CB8-4895-8B24-F4997127D2A8}"
EndProject
Global
	GlobalSection(SolutionConfigurationPlatforms) = preSolution
		Debug|Any CPU = Debug|Any CPU
		Release|Any CPU = Release|Any CPU
	EndGlobalSection
	GlobalSection(ProjectConfigurationPlatforms) = postSolution
		{1B90A8CC-BFC1-40B6-BEA7-7FBB88C252DF}.Debug|Any CPU.ActiveCfg = Debug|Any CPU
		{1B90A8CC-BFC1-40B6-BEA7-7FBB88C252DF}.Debug|Any CPU.Build.0 = Debug|Any CPU
		{1B90A8CC-BFC1-40B6-BEA7-7FBB88C252DF}.Release|Any CPU.ActiveCfg = Release|Any CPU
		{1B90A8CC-BFC1-40B6-BEA7-7FBB88C252DF}.Release|Any CPU.Build.0 = Release|Any CPU
		{931554DD-0CB8-4895-8B24-F4997127D2A8}.Debug|Any CPU.ActiveCfg = Debug|Any CPU
		{931554DD-0CB8-4895-8B24-F4997127D2A8}.Debug|Any CPU.Build.0 = Debug|Any CPU
		{931554DD-0CB8-4895-8B24-F4997127D2A8}.Release|Any CPU.ActiveCfg = Release|Any CPU
		{931554DD-0CB8-4895-8B24-F4997127D2A8}.Release|Any CPU.Build.0 = Release|Any CPU
	EndGlobalSection
	GlobalSection(SolutionProperties) = preSolution
		HideSolutionNode = FALSE
	EndGlobalSection
	GlobalSection(ExtensibilityGlobals) = postSolution
		SolutionGuid = {FA34E57A-F7A6-4E63-9ED1-546B8DCDDB79}
	EndGlobalSection
EndGlobal
